// !$*UTF8*$!
{
	archiveVersion = 1;
	classes = {
	};
	objectVersion = 46;
	objects = {

/* Begin PBXBuildFile section */
		383F4FD81D2CAC8E0082B101 /* AppDelegate.swift in Sources */ = {isa = PBXBuildFile; fileRef = 383F4FD71D2CAC8E0082B101 /* AppDelegate.swift */; };
		383F4FDA1D2CAC8E0082B101 /* ViewController.swift in Sources */ = {isa = PBXBuildFile; fileRef = 383F4FD91D2CAC8E0082B101 /* ViewController.swift */; };
		383F4FDD1D2CAC8E0082B101 /* Main.storyboard in Resources */ = {isa = PBXBuildFile; fileRef = 383F4FDB1D2CAC8E0082B101 /* Main.storyboard */; };
		383F4FDF1D2CAC8E0082B101 /* Assets.xcassets in Resources */ = {isa = PBXBuildFile; fileRef = 383F4FDE1D2CAC8E0082B101 /* Assets.xcassets */; };
		383F4FE21D2CAC8E0082B101 /* LaunchScreen.storyboard in Resources */ = {isa = PBXBuildFile; fileRef = 383F4FE01D2CAC8E0082B101 /* LaunchScreen.storyboard */; };
		383F4FEC1D2CACCD0082B101 /* Datos.swift in Sources */ = {isa = PBXBuildFile; fileRef = 383F4FEB1D2CACCD0082B101 /* Datos.swift */; };
/* End PBXBuildFile section */

/* Begin PBXFileReference section */
		383F4FD41D2CAC8E0082B101 /* Hamburguesas.app */ = {isa = PBXFileReference; explicitFileType = wrapper.application; includeInIndex = 0; path = Hamburguesas.app; sourceTree = BUILT_PRODUCTS_DIR; };
		383F4FD71D2CAC8E0082B101 /* AppDelegate.swift */ = {isa = PBXFileReference; lastKnownFileType = sourcecode.swift; path = AppDelegate.swift; sourceTree = "<group>"; };
		383F4FD91D2CAC8E0082B101 /* ViewController.swift */ = {isa = PBXFileReference; lastKnownFileType = sourcecode.swift; path = ViewController.swift; sourceTree = "<group>"; };
		383F4FDC1D2CAC8E0082B101 /* Base */ = {isa = PBXFileReference; lastKnownFileType = file.storyboard; name = Base; path = Base.lproj/Main.storyboard; sourceTree = "<group>"; };
		383F4FDE1D2CAC8E0082B101 /* Assets.xcassets */ = {isa = PBXFileReference; lastKnownFileType = folder.assetcatalog; path = Assets.xcassets; sourceTree = "<group>"; };
		383F4FE11D2CAC8E0082B101 /* Base */ = {isa = PBXFileReference; lastKnownFileType = file.storyboard; name = Base; path = Base.lproj/LaunchScreen.storyboard; sourceTree = "<group>"; };
		383F4FE31D2CAC8E0082B101 /* Info.plist */ = {isa = PBXFileReference; lastKnownFileType = text.plist.xml; path = Info.plist; sourceTree = "<group>"; };
		383F4FEB1D2CACCD0082B101 /* Datos.swift */ = {isa = PBXFileReference; fileEncoding = 4; lastKnownFileType = sourcecode.swift; path = Datos.swift; sourceTree = "<group>"; };
/* End PBXFileReference section */

/* Begin PBXFrameworksBuildPhase section */
		383F4FD11D2CAC8E0082B101 /* Frameworks */ = {
			isa = PBXFrameworksBuildPhase;
			buildActionMask = 2147483647;
			files = (
			);
			runOnlyForDeploymentPostprocessing = 0;
		};
/* End PBXFrameworksBuildPhase section */

/* Begin PBXGroup section */
		383F4FCB1D2CAC8E0082B101 = {
			isa = PBXGroup;
			children = (
				383F4FD61D2CAC8E0082B101 /* Hamburguesas */,
				383F4FD51D2CAC8E0082B101 /* Products */,
			);
			sourceTree = "<group>";
		};
		383F4FD51D2CAC8E0082B101 /* Products */ = {
			isa = PBXGroup;
			children = (
				383F4FD41D2CAC8E0082B101 /* Hamburguesas.app */,
			);
			name = Products;
			sourceTree = "<group>";
		};
		383F4FD61D2CAC8E0082B101 /* Hamburguesas */ = {
			isa = PBXGroup;
			children = (
				383F4FD71D2CAC8E0082B101 /* AppDelegate.swift */,
				383F4FD91D2CAC8E0082B101 /* ViewController.swift */,
				383F4FDB1D2CAC8E0082B101 /* Main.storyboard */,
				383F4FDE1D2CAC8E0082B101 /* Assets.xcassets */,
				383F4FE01D2CAC8E0082B101 /* LaunchScreen.storyboard */,
				383F4FE31D2CAC8E0082B101 /* Info.plist */,
				383F4FEB1D2CACCD0082B101 /* Datos.swift */,
			);
			path = Hamburguesas;
			sourceTree = "<group>";
		};
/* End PBXGroup section */

/* Begin PBXNativeTarget section */
		383F4FD31D2CAC8E0082B101 /* Hamburguesas */ = {
			isa = PBXNativeTarget;
			buildConfigurationList = 383F4FE61D2CAC8E0082B101 /* Build configuration list for PBXNativeTarget "Hamburguesas" */;
			buildPhases = (
				383F4FD01D2CAC8E0082B101 /* Sources */,
				383F4FD11D2CAC8E0082B101 /* Frameworks */,
				383F4FD21D2CAC8E0082B101 /* Resources */,
			);
			buildRules = (
			);
			dependencies = (
			);
			name = Hamburguesas;
			productName = Hamburguesas;
			productReference = 383F4FD41D2CAC8E0082B101 /* Hamburguesas.app */;
			productType = "com.apple.product-type.application";
		};
/* End PBXNativeTarget section */

/* Begin PBXProject section */
		383F4FCC1D2CAC8E0082B101 /* Project object */ = {
			isa = PBXProject;
			attributes = {
				LastSwiftUpdateCheck = 0730;
				LastUpgradeCheck = 0730;
				ORGANIZATIONNAME = DIGIMED;
				TargetAttributes = {
					383F4FD31D2CAC8E0082B101 = {
						CreatedOnToolsVersion = 7.3.1;
					};
				};
			};
			buildConfigurationList = 383F4FCF1D2CAC8E0082B101 /* Build configuration list for PBXProject "Hamburguesas" */;
			compatibilityVersion = "Xcode 3.2";
			developmentRegion = English;
			hasScannedForEncodings = 0;
			knownRegions = (
				en,
				Base,
			);
			mainGroup = 383F4FCB1D2CAC8E0082B101;
			productRefGroup = 383F4FD51D2CAC8E0082B101 /* Products */;
			projectDirPath = "";
			projectRoot = "";
			targets = (
				383F4FD31D2CAC8E0082B101 /* Hamburguesas */,
			);
		};
/* End PBXProject section */

/* Begin PBXResourcesBuildPhase section */
		383F4FD21D2CAC8E0082B101 /* Resources */ = {
			isa = PBXResourcesBuildPhase;
			buildActionMask = 2147483647;
			files = (
				383F4FE21D2CAC8E0082B101 /* LaunchScreen.storyboard in Resources */,
				383F4FDF1D2CAC8E0082B101 /* Assets.xcassets in Resources */,
				383F4FDD1D2CAC8E0082B101 /* Main.storyboard in Resources */,
			);
			runOnlyForDeploymentPostprocessing = 0;
		};
/* End PBXResourcesBuildPhase section */

/* Begin PBXSourcesBuildPhase section */
		383F4FD01D2CAC8E0082B101 /* Sources */ = {
			isa = PBXSourcesBuildPhase;
			buildActionMask = 2147483647;
			files = (
				383F4FDA1D2CAC8E0082B101 /* ViewController.swift in Sources */,
				383F4FD81D2CAC8E0082B101 /* AppDelegate.swift in Sources */,
				383F4FEC1D2CACCD0082B101 /* Datos.swift in Sources */,
			);
			runOnlyForDeploymentPostprocessing = 0;
		};
/* End PBXSourcesBuildPhase section */

/* Begin PBXVariantGroup section */
		383F4FDB1D2CAC8E0082B101 /* Main.storyboard */ = {
			isa = PBXVariantGroup;
			children = (
				383F4FDC1D2CAC8E0082B101 /* Base */,
			);
			name = Main.storyboard;
			sourceTree = "<group>";
		};
		383F4FE01D2CAC8E0082B101 /* LaunchScreen.storyboard */ = {
			isa = PBXVariantGroup;
			children = (
				383F4FE11D2CAC8E0082B101 /* Base */,
			);
			name = LaunchScreen.storyboard;
			sourceTree = "<group>";
		};
/* End PBXVariantGroup section */

/* Begin XCBuildConfiguration section */
		383F4FE41D2CAC8E0082B101 /* Debug */ = {
			isa = XCBuildConfiguration;
			buildSettings = {
				ALWAYS_SEARCH_USER_PATHS = NO;
				CLANG_ANALYZER_NONNULL = YES;
				CLANG_CXX_LANGUAGE_STANDARD = "gnu++0x";
				CLANG_CXX_LIBRARY = "libc++";
				CLANG_ENABLE_MODULES = YES;
				CLANG_ENABLE_OBJC_ARC = YES;
				CLANG_WARN_BOOL_CONVERSION = YES;
				CLANG_WARN_CONSTANT_CONVERSION = YES;
				CLANG_WARN_DIRECT_OBJC_ISA_USAGE = YES_ERROR;
				CLANG_WARN_EMPTY_BODY = YES;
				CLANG_WARN_ENUM_CONVERSION = YES;
				CLANG_WARN_INT_CONVERSION = YES;
				CLANG_WARN_OBJC_ROOT_CLASS = YES_ERROR;
				CLANG_WARN_UNREACHABLE_CODE = YES;
				CLANG_WARN__DUPLICATE_METHOD_MATCH = YES;
				"CODE_SIGN_IDENTITY[sdk=iphoneos*]" = "iPhone Developer";
				COPY_PHASE_STRIP = NO;
				DEBUG_INFORMATION_FORMAT = dwarf;
				ENABLE_STRICT_OBJC_MSGSEND = YES;
				ENABLE_TESTABILITY = YES;
				GCC_C_LANGUAGE_STANDARD = gnu99;
				GCC_DYNAMIC_NO_PIC = NO;
				GCC_NO_COMMON_BLOCKS = YES;
				GCC_OPTIMIZATION_LEVEL = 0;
				GCC_PREPROCESSOR_DEFINITIONS = (
					"DEBUG=1",
					"$(inherited)",
				);
				GCC_WARN_64_TO_32_BIT_CONVERSION = YES;
				GCC_WARN_ABOUT_RETURN_TYPE = YES_ERROR;
				GCC_WARN_UNDECLARED_SELECTOR = YES;
				GCC_WARN_UNINITIALIZED_AUTOS = YES_AGGRESSIVE;
				GCC_WARN_UNUSED_FUNCTION = YES;
				GCC_WARN_UNUSED_VARIABLE = YES;
				IPHONEOS_DEPLOYMENT_TARGET = 9.3;
				MTL_ENABLE_DEBUG_INFO = YES;
				ONLY_ACTIVE_ARCH = YES;
				SDKROOT = iphoneos;
				SWIFT_OPTIMIZATION_LEVEL = "-Onone";
			};
			name = Debug;
		};
		383F4FE51D2CAC8E0082B101 /* Release */ = {
			isa = XCBuildConfiguration;
			buildSettings = {
				ALWAYS_SEARCH_USER_PATHS = NO;
				CLANG_ANALYZER_NONNULL = YES;
				CLANG_CXX_LANGUAGE_STANDARD = "gnu++0x";
				CLANG_CXX_LIBRARY = "libc++";
				CLANG_ENABLE_MODULES = YES;
				CLANG_ENABLE_OBJC_ARC = YES;
				CLANG_WARN_BOOL_CONVERSION = YES;
				CLANG_WARN_CONSTANT_CONVERSION = YES;
				CLANG_WARN_DIRECT_OBJC_ISA_USAGE = YES_ERROR;
				CLANG_WARN_EMPTY_BODY = YES;
				CLANG_WARN_ENUM_CONVERSION = YES;
				CLANG_WARN_INT_CONVERSION = YES;
				CLANG_WARN_OBJC_ROOT_CLASS = YES_ERROR;
				CLANG_WARN_UNREACHABLE_CODE = YES;
				CLANG_WARN__DUPLICATE_METHOD_MATCH = YES;
				"CODE_SIGN_IDENTITY[sdk=iphoneos*]" = "iPhone Developer";
				COPY_PHASE_STRIP = NO;
				DEBUG_INFORMATION_FORMAT = "dwarf-with-dsym";
				ENABLE_NS_ASSERTIONS = NO;
				ENABLE_STRICT_OBJC_MSGSEND = YES;
				GCC_C_LANGUAGE_STANDARD = gnu99;
				GCC_NO_COMMON_BLOCKS = YES;
				GCC_WARN_64_TO_32_BIT_CONVERSION = YES;
				GCC_WARN_ABOUT_RETURN_TYPE = YES_ERROR;
				GCC_WARN_UNDECLARED_SELECTOR = YES;
				GCC_WARN_UNINITIALIZED_AUTOS = YES_AGGRESSIVE;
				GCC_WARN_UNUSED_FUNCTION = YES;
				GCC_WARN_UNUSED_VARIABLE = YES;
				IPHONEOS_DEPLOYMENT_TARGET = 9.3;
				MTL_ENABLE_DEBUG_INFO = NO;
				SDKROOT = iphoneos;
				VALIDATE_PRODUCT = YES;
			};
			name = Release;
		};
		383F4FE71D2CAC8E0082B101 /* Debug */ = {
			isa = XCBuildConfiguration;
			buildSettings = {
				ASSETCATALOG_COMPILER_APPICON_NAME = AppIcon;
				INFOPLIST_FILE = Hamburguesas/Info.plist;
				LD_RUNPATH_SEARCH_PATHS = "$(inherited) @executable_path/Frameworks";
				PRODUCT_BUNDLE_IDENTIFIER = DigiMED.MasFeliz.Hamburguesas;
				PRODUCT_NAME = "$(TARGET_NAME)";
			};
			name = Debug;
		};
		383F4FE81D2CAC8E0082B101 /* Release */ = {
			isa = XCBuildConfiguration;
			buildSettings = {
				ASSETCATALOG_COMPILER_APPICON_NAME = AppIcon;
				INFOPLIST_FILE = Hamburguesas/Info.plist;
				LD_RUNPATH_SEARCH_PATHS = "$(inherited) @executable_path/Frameworks";
				PRODUCT_BUNDLE_IDENTIFIER = DigiMED.MasFeliz.Hamburguesas;
				PRODUCT_NAME = "$(TARGET_NAME)";
			};
			name = Release;
		};
/* End XCBuildConfiguration section */

/* Begin XCConfigurationList section */
		383F4FCF1D2CAC8E0082B101 /* Build configuration list for PBXProject "Hamburguesas" */ = {
			isa = XCConfigurationList;
			buildConfigurations = (
				383F4FE41D2CAC8E0082B101 /* Debug */,
				383F4FE51D2CAC8E0082B101 /* Release */,
			);
			defaultConfigurationIsVisible = 0;
			defaultConfigurationName = Release;
		};
		383F4FE61D2CAC8E0082B101 /* Build configuration list for PBXNativeTarget "Hamburguesas" */ = {
			isa = XCConfigurationList;
			buildConfigurations = (
				383F4FE71D2CAC8E0082B101 /* Debug */,
				383F4FE81D2CAC8E0082B101 /* Release */,
			);
			defaultConfigurationIsVisible = 0;
		};
/* End XCConfigurationList section */
	};
	rootObject = 383F4FCC1D2CAC8E0082B101 /* Project object */;
}
