// !$*UTF8*$!
{
	archiveVersion = 1;
	classes = {
	};
	objectVersion = 46;
	objects = {

/* Begin PBXBuildFile section */
		387721B51CFA63D300E55702 /* AppDelegate.swift in Sources */ = {isa = PBXBuildFile; fileRef = 387721B41CFA63D300E55702 /* AppDelegate.swift */; };
		387721B71CFA63D300E55702 /* ViewController.swift in Sources */ = {isa = PBXBuildFile; fileRef = 387721B61CFA63D300E55702 /* ViewController.swift */; };
		387721BA1CFA63D300E55702 /* Main.storyboard in Resources */ = {isa = PBXBuildFile; fileRef = 387721B81CFA63D300E55702 /* Main.storyboard */; };
		387721BC1CFA63D300E55702 /* Assets.xcassets in Resources */ = {isa = PBXBuildFile; fileRef = 387721BB1CFA63D300E55702 /* Assets.xcassets */; };
		387721BF1CFA63D300E55702 /* LaunchScreen.storyboard in Resources */ = {isa = PBXBuildFile; fileRef = 387721BD1CFA63D300E55702 /* LaunchScreen.storyboard */; };
		387721CA1CFA63D400E55702 /* pruebaGITTests.swift in Sources */ = {isa = PBXBuildFile; fileRef = 387721C91CFA63D400E55702 /* pruebaGITTests.swift */; };
		387721D51CFA63D400E55702 /* pruebaGITUITests.swift in Sources */ = {isa = PBXBuildFile; fileRef = 387721D41CFA63D400E55702 /* pruebaGITUITests.swift */; };
/* End PBXBuildFile section */

/* Begin PBXContainerItemProxy section */
		387721C61CFA63D400E55702 /* PBXContainerItemProxy */ = {
			isa = PBXContainerItemProxy;
			containerPortal = 387721A91CFA63D300E55702 /* Project object */;
			proxyType = 1;
			remoteGlobalIDString = 387721B01CFA63D300E55702;
			remoteInfo = pruebaGIT;
		};
		387721D11CFA63D400E55702 /* PBXContainerItemProxy */ = {
			isa = PBXContainerItemProxy;
			containerPortal = 387721A91CFA63D300E55702 /* Project object */;
			proxyType = 1;
			remoteGlobalIDString = 387721B01CFA63D300E55702;
			remoteInfo = pruebaGIT;
		};
/* End PBXContainerItemProxy section */

/* Begin PBXFileReference section */
		387721B11CFA63D300E55702 /* pruebaGIT.app */ = {isa = PBXFileReference; explicitFileType = wrapper.application; includeInIndex = 0; path = pruebaGIT.app; sourceTree = BUILT_PRODUCTS_DIR; };
		387721B41CFA63D300E55702 /* AppDelegate.swift */ = {isa = PBXFileReference; lastKnownFileType = sourcecode.swift; path = AppDelegate.swift; sourceTree = "<group>"; };
		387721B61CFA63D300E55702 /* ViewController.swift */ = {isa = PBXFileReference; lastKnownFileType = sourcecode.swift; path = ViewController.swift; sourceTree = "<group>"; };
		387721B91CFA63D300E55702 /* Base */ = {isa = PBXFileReference; lastKnownFileType = file.storyboard; name = Base; path = Base.lproj/Main.storyboard; sourceTree = "<group>"; };
		387721BB1CFA63D300E55702 /* Assets.xcassets */ = {isa = PBXFileReference; lastKnownFileType = folder.assetcatalog; path = Assets.xcassets; sourceTree = "<group>"; };
		387721BE1CFA63D300E55702 /* Base */ = {isa = PBXFileReference; lastKnownFileType = file.storyboard; name = Base; path = Base.lproj/LaunchScreen.storyboard; sourceTree = "<group>"; };
		387721C01CFA63D300E55702 /* Info.plist */ = {isa = PBXFileReference; lastKnownFileType = text.plist.xml; path = Info.plist; sourceTree = "<group>"; };
		387721C51CFA63D400E55702 /* pruebaGITTests.xctest */ = {isa = PBXFileReference; explicitFileType = wrapper.cfbundle; includeInIndex = 0; path = pruebaGITTests.xctest; sourceTree = BUILT_PRODUCTS_DIR; };
		387721C91CFA63D400E55702 /* pruebaGITTests.swift */ = {isa = PBXFileReference; lastKnownFileType = sourcecode.swift; path = pruebaGITTests.swift; sourceTree = "<group>"; };
		387721CB1CFA63D400E55702 /* Info.plist */ = {isa = PBXFileReference; lastKnownFileType = text.plist.xml; path = Info.plist; sourceTree = "<group>"; };
		387721D01CFA63D400E55702 /* pruebaGITUITests.xctest */ = {isa = PBXFileReference; explicitFileType = wrapper.cfbundle; includeInIndex = 0; path = pruebaGITUITests.xctest; sourceTree = BUILT_PRODUCTS_DIR; };
		387721D41CFA63D400E55702 /* pruebaGITUITests.swift */ = {isa = PBXFileReference; lastKnownFileType = sourcecode.swift; path = pruebaGITUITests.swift; sourceTree = "<group>"; };
		387721D61CFA63D400E55702 /* Info.plist */ = {isa = PBXFileReference; lastKnownFileType = text.plist.xml; path = Info.plist; sourceTree = "<group>"; };
/* End PBXFileReference section */

/* Begin PBXFrameworksBuildPhase section */
		387721AE1CFA63D300E55702 /* Frameworks */ = {
			isa = PBXFrameworksBuildPhase;
			buildActionMask = 2147483647;
			files = (
			);
			runOnlyForDeploymentPostprocessing = 0;
		};
		387721C21CFA63D400E55702 /* Frameworks */ = {
			isa = PBXFrameworksBuildPhase;
			buildActionMask = 2147483647;
			files = (
			);
			runOnlyForDeploymentPostprocessing = 0;
		};
		387721CD1CFA63D400E55702 /* Frameworks */ = {
			isa = PBXFrameworksBuildPhase;
			buildActionMask = 2147483647;
			files = (
			);
			runOnlyForDeploymentPostprocessing = 0;
		};
/* End PBXFrameworksBuildPhase section */

/* Begin PBXGroup section */
		387721A81CFA63D300E55702 = {
			isa = PBXGroup;
			children = (
				387721B31CFA63D300E55702 /* pruebaGIT */,
				387721C81CFA63D400E55702 /* pruebaGITTests */,
				387721D31CFA63D400E55702 /* pruebaGITUITests */,
				387721B21CFA63D300E55702 /* Products */,
			);
			sourceTree = "<group>";
		};
		387721B21CFA63D300E55702 /* Products */ = {
			isa = PBXGroup;
			children = (
				387721B11CFA63D300E55702 /* pruebaGIT.app */,
				387721C51CFA63D400E55702 /* pruebaGITTests.xctest */,
				387721D01CFA63D400E55702 /* pruebaGITUITests.xctest */,
			);
			name = Products;
			sourceTree = "<group>";
		};
		387721B31CFA63D300E55702 /* pruebaGIT */ = {
			isa = PBXGroup;
			children = (
				387721B41CFA63D300E55702 /* AppDelegate.swift */,
				387721B61CFA63D300E55702 /* ViewController.swift */,
				387721B81CFA63D300E55702 /* Main.storyboard */,
				387721BB1CFA63D300E55702 /* Assets.xcassets */,
				387721BD1CFA63D300E55702 /* LaunchScreen.storyboard */,
				387721C01CFA63D300E55702 /* Info.plist */,
			);
			path = pruebaGIT;
			sourceTree = "<group>";
		};
		387721C81CFA63D400E55702 /* pruebaGITTests */ = {
			isa = PBXGroup;
			children = (
				387721C91CFA63D400E55702 /* pruebaGITTests.swift */,
				387721CB1CFA63D400E55702 /* Info.plist */,
			);
			path = pruebaGITTests;
			sourceTree = "<group>";
		};
		387721D31CFA63D400E55702 /* pruebaGITUITests */ = {
			isa = PBXGroup;
			children = (
				387721D41CFA63D400E55702 /* pruebaGITUITests.swift */,
				387721D61CFA63D400E55702 /* Info.plist */,
			);
			path = pruebaGITUITests;
			sourceTree = "<group>";
		};
/* End PBXGroup section */

/* Begin PBXNativeTarget section */
		387721B01CFA63D300E55702 /* pruebaGIT */ = {
			isa = PBXNativeTarget;
			buildConfigurationList = 387721D91CFA63D400E55702 /* Build configuration list for PBXNativeTarget "pruebaGIT" */;
			buildPhases = (
				387721AD1CFA63D300E55702 /* Sources */,
				387721AE1CFA63D300E55702 /* Frameworks */,
				387721AF1CFA63D300E55702 /* Resources */,
			);
			buildRules = (
			);
			dependencies = (
			);
			name = pruebaGIT;
			productName = pruebaGIT;
			productReference = 387721B11CFA63D300E55702 /* pruebaGIT.app */;
			productType = "com.apple.product-type.application";
		};
		387721C41CFA63D400E55702 /* pruebaGITTests */ = {
			isa = PBXNativeTarget;
			buildConfigurationList = 387721DC1CFA63D400E55702 /* Build configuration list for PBXNativeTarget "pruebaGITTests" */;
			buildPhases = (
				387721C11CFA63D400E55702 /* Sources */,
				387721C21CFA63D400E55702 /* Frameworks */,
				387721C31CFA63D400E55702 /* Resources */,
			);
			buildRules = (
			);
			dependencies = (
				387721C71CFA63D400E55702 /* PBXTargetDependency */,
			);
			name = pruebaGITTests;
			productName = pruebaGITTests;
			productReference = 387721C51CFA63D400E55702 /* pruebaGITTests.xctest */;
			productType = "com.apple.product-type.bundle.unit-test";
		};
		387721CF1CFA63D400E55702 /* pruebaGITUITests */ = {
			isa = PBXNativeTarget;
			buildConfigurationList = 387721DF1CFA63D400E55702 /* Build configuration list for PBXNativeTarget "pruebaGITUITests" */;
			buildPhases = (
				387721CC1CFA63D400E55702 /* Sources */,
				387721CD1CFA63D400E55702 /* Frameworks */,
				387721CE1CFA63D400E55702 /* Resources */,
			);
			buildRules = (
			);
			dependencies = (
				387721D21CFA63D400E55702 /* PBXTargetDependency */,
			);
			name = pruebaGITUITests;
			productName = pruebaGITUITests;
			productReference = 387721D01CFA63D400E55702 /* pruebaGITUITests.xctest */;
			productType = "com.apple.product-type.bundle.ui-testing";
		};
/* End PBXNativeTarget section */

/* Begin PBXProject section */
		387721A91CFA63D300E55702 /* Project object */ = {
			isa = PBXProject;
			attributes = {
				LastSwiftUpdateCheck = 0730;
				LastUpgradeCheck = 0730;
				ORGANIZATIONNAME = "Luis Baeza Cid";
				TargetAttributes = {
					387721B01CFA63D300E55702 = {
						CreatedOnToolsVersion = 7.3.1;
					};
					387721C41CFA63D400E55702 = {
						CreatedOnToolsVersion = 7.3.1;
						TestTargetID = 387721B01CFA63D300E55702;
					};
					387721CF1CFA63D400E55702 = {
						CreatedOnToolsVersion = 7.3.1;
						TestTargetID = 387721B01CFA63D300E55702;
					};
				};
			};
			buildConfigurationList = 387721AC1CFA63D300E55702 /* Build configuration list for PBXProject "pruebaGIT" */;
			compatibilityVersion = "Xcode 3.2";
			developmentRegion = English;
			hasScannedForEncodings = 0;
			knownRegions = (
				en,
				Base,
			);
			mainGroup = 387721A81CFA63D300E55702;
			productRefGroup = 387721B21CFA63D300E55702 /* Products */;
			projectDirPath = "";
			projectRoot = "";
			targets = (
				387721B01CFA63D300E55702 /* pruebaGIT */,
				387721C41CFA63D400E55702 /* pruebaGITTests */,
				387721CF1CFA63D400E55702 /* pruebaGITUITests */,
			);
		};
/* End PBXProject section */

/* Begin PBXResourcesBuildPhase section */
		387721AF1CFA63D300E55702 /* Resources */ = {
			isa = PBXResourcesBuildPhase;
			buildActionMask = 2147483647;
			files = (
				387721BF1CFA63D300E55702 /* LaunchScreen.storyboard in Resources */,
				387721BC1CFA63D300E55702 /* Assets.xcassets in Resources */,
				387721BA1CFA63D300E55702 /* Main.storyboard in Resources */,
			);
			runOnlyForDeploymentPostprocessing = 0;
		};
		387721C31CFA63D400E55702 /* Resources */ = {
			isa = PBXResourcesBuildPhase;
			buildActionMask = 2147483647;
			files = (
			);
			runOnlyForDeploymentPostprocessing = 0;
		};
		387721CE1CFA63D400E55702 /* Resources */ = {
			isa = PBXResourcesBuildPhase;
			buildActionMask = 2147483647;
			files = (
			);
			runOnlyForDeploymentPostprocessing = 0;
		};
/* End PBXResourcesBuildPhase section */

/* Begin PBXSourcesBuildPhase section */
		387721AD1CFA63D300E55702 /* Sources */ = {
			isa = PBXSourcesBuildPhase;
			buildActionMask = 2147483647;
			files = (
				387721B71CFA63D300E55702 /* ViewController.swift in Sources */,
				387721B51CFA63D300E55702 /* AppDelegate.swift in Sources */,
			);
			runOnlyForDeploymentPostprocessing = 0;
		};
		387721C11CFA63D400E55702 /* Sources */ = {
			isa = PBXSourcesBuildPhase;
			buildActionMask = 2147483647;
			files = (
				387721CA1CFA63D400E55702 /* pruebaGITTests.swift in Sources */,
			);
			runOnlyForDeploymentPostprocessing = 0;
		};
		387721CC1CFA63D400E55702 /* Sources */ = {
			isa = PBXSourcesBuildPhase;
			buildActionMask = 2147483647;
			files = (
				387721D51CFA63D400E55702 /* pruebaGITUITests.swift in Sources */,
			);
			runOnlyForDeploymentPostprocessing = 0;
		};
/* End PBXSourcesBuildPhase section */

/* Begin PBXTargetDependency section */
		387721C71CFA63D400E55702 /* PBXTargetDependency */ = {
			isa = PBXTargetDependency;
			target = 387721B01CFA63D300E55702 /* pruebaGIT */;
			targetProxy = 387721C61CFA63D400E55702 /* PBXContainerItemProxy */;
		};
		387721D21CFA63D400E55702 /* PBXTargetDependency */ = {
			isa = PBXTargetDependency;
			target = 387721B01CFA63D300E55702 /* pruebaGIT */;
			targetProxy = 387721D11CFA63D400E55702 /* PBXContainerItemProxy */;
		};
/* End PBXTargetDependency section */

/* Begin PBXVariantGroup section */
		387721B81CFA63D300E55702 /* Main.storyboard */ = {
			isa = PBXVariantGroup;
			children = (
				387721B91CFA63D300E55702 /* Base */,
			);
			name = Main.storyboard;
			sourceTree = "<group>";
		};
		387721BD1CFA63D300E55702 /* LaunchScreen.storyboard */ = {
			isa = PBXVariantGroup;
			children = (
				387721BE1CFA63D300E55702 /* Base */,
			);
			name = LaunchScreen.storyboard;
			sourceTree = "<group>";
		};
/* End PBXVariantGroup section */

/* Begin XCBuildConfiguration section */
		387721D71CFA63D400E55702 /* Debug */ = {
			isa = XCBuildConfiguration;
			buildSettings = {
				ALWAYS_SEARCH_USER_PATHS = NO;
				CLANG_ANALYZER_NONNULL = YES;
				CLANG_CXX_LANGUAGE_STANDARD = "gnu++0x";
				CLANG_CXX_LIBRARY = "libc++";
				CLANG_ENABLE_MODULES = YES;
				CLANG_ENABLE_OBJC_ARC = YES;
				CLANG_WARN_BOOL_CONVERSION = YES;
				CLANG_WARN_CONSTANT_CONVERSION = YES;
				CLANG_WARN_DIRECT_OBJC_ISA_USAGE = YES_ERROR;
				CLANG_WARN_EMPTY_BODY = YES;
				CLANG_WARN_ENUM_CONVERSION = YES;
				CLANG_WARN_INT_CONVERSION = YES;
				CLANG_WARN_OBJC_ROOT_CLASS = YES_ERROR;
				CLANG_WARN_UNREACHABLE_CODE = YES;
				CLANG_WARN__DUPLICATE_METHOD_MATCH = YES;
				"CODE_SIGN_IDENTITY[sdk=iphoneos*]" = "iPhone Developer";
				COPY_PHASE_STRIP = NO;
				DEBUG_INFORMATION_FORMAT = dwarf;
				ENABLE_STRICT_OBJC_MSGSEND = YES;
				ENABLE_TESTABILITY = YES;
				GCC_C_LANGUAGE_STANDARD = gnu99;
				GCC_DYNAMIC_NO_PIC = NO;
				GCC_NO_COMMON_BLOCKS = YES;
				GCC_OPTIMIZATION_LEVEL = 0;
				GCC_PREPROCESSOR_DEFINITIONS = (
					"DEBUG=1",
					"$(inherited)",
				);
				GCC_WARN_64_TO_32_BIT_CONVERSION = YES;
				GCC_WARN_ABOUT_RETURN_TYPE = YES_ERROR;
				GCC_WARN_UNDECLARED_SELECTOR = YES;
				GCC_WARN_UNINITIALIZED_AUTOS = YES_AGGRESSIVE;
				GCC_WARN_UNUSED_FUNCTION = YES;
				GCC_WARN_UNUSED_VARIABLE = YES;
				IPHONEOS_DEPLOYMENT_TARGET = 9.3;
				MTL_ENABLE_DEBUG_INFO = YES;
				ONLY_ACTIVE_ARCH = YES;
				SDKROOT = iphoneos;
				SWIFT_OPTIMIZATION_LEVEL = "-Onone";
				TARGETED_DEVICE_FAMILY = "1,2";
			};
			name = Debug;
		};
		387721D81CFA63D400E55702 /* Release */ = {
			isa = XCBuildConfiguration;
			buildSettings = {
				ALWAYS_SEARCH_USER_PATHS = NO;
				CLANG_ANALYZER_NONNULL = YES;
				CLANG_CXX_LANGUAGE_STANDARD = "gnu++0x";
				CLANG_CXX_LIBRARY = "libc++";
				CLANG_ENABLE_MODULES = YES;
				CLANG_ENABLE_OBJC_ARC = YES;
				CLANG_WARN_BOOL_CONVERSION = YES;
				CLANG_WARN_CONSTANT_CONVERSION = YES;
				CLANG_WARN_DIRECT_OBJC_ISA_USAGE = YES_ERROR;
				CLANG_WARN_EMPTY_BODY = YES;
				CLANG_WARN_ENUM_CONVERSION = YES;
				CLANG_WARN_INT_CONVERSION = YES;
				CLANG_WARN_OBJC_ROOT_CLASS = YES_ERROR;
				CLANG_WARN_UNREACHABLE_CODE = YES;
				CLANG_WARN__DUPLICATE_METHOD_MATCH = YES;
				"CODE_SIGN_IDENTITY[sdk=iphoneos*]" = "iPhone Developer";
				COPY_PHASE_STRIP = NO;
				DEBUG_INFORMATION_FORMAT = "dwarf-with-dsym";
				ENABLE_NS_ASSERTIONS = NO;
				ENABLE_STRICT_OBJC_MSGSEND = YES;
				GCC_C_LANGUAGE_STANDARD = gnu99;
				GCC_NO_COMMON_BLOCKS = YES;
				GCC_WARN_64_TO_32_BIT_CONVERSION = YES;
				GCC_WARN_ABOUT_RETURN_TYPE = YES_ERROR;
				GCC_WARN_UNDECLARED_SELECTOR = YES;
				GCC_WARN_UNINITIALIZED_AUTOS = YES_AGGRESSIVE;
				GCC_WARN_UNUSED_FUNCTION = YES;
				GCC_WARN_UNUSED_VARIABLE = YES;
				IPHONEOS_DEPLOYMENT_TARGET = 9.3;
				MTL_ENABLE_DEBUG_INFO = NO;
				SDKROOT = iphoneos;
				TARGETED_DEVICE_FAMILY = "1,2";
				VALIDATE_PRODUCT = YES;
			};
			name = Release;
		};
		387721DA1CFA63D400E55702 /* Debug */ = {
			isa = XCBuildConfiguration;
			buildSettings = {
				ASSETCATALOG_COMPILER_APPICON_NAME = AppIcon;
				INFOPLIST_FILE = pruebaGIT/Info.plist;
				LD_RUNPATH_SEARCH_PATHS = "$(inherited) @executable_path/Frameworks";
				PRODUCT_BUNDLE_IDENTIFIER = DigiMed.pruebaGIT;
				PRODUCT_NAME = "$(TARGET_NAME)";
			};
			name = Debug;
		};
		387721DB1CFA63D400E55702 /* Release */ = {
			isa = XCBuildConfiguration;
			buildSettings = {
				ASSETCATALOG_COMPILER_APPICON_NAME = AppIcon;
				INFOPLIST_FILE = pruebaGIT/Info.plist;
				LD_RUNPATH_SEARCH_PATHS = "$(inherited) @executable_path/Frameworks";
				PRODUCT_BUNDLE_IDENTIFIER = DigiMed.pruebaGIT;
				PRODUCT_NAME = "$(TARGET_NAME)";
			};
			name = Release;
		};
		387721DD1CFA63D400E55702 /* Debug */ = {
			isa = XCBuildConfiguration;
			buildSettings = {
				BUNDLE_LOADER = "$(TEST_HOST)";
				INFOPLIST_FILE = pruebaGITTests/Info.plist;
				LD_RUNPATH_SEARCH_PATHS = "$(inherited) @executable_path/Frameworks @loader_path/Frameworks";
				PRODUCT_BUNDLE_IDENTIFIER = DigiMed.pruebaGITTests;
				PRODUCT_NAME = "$(TARGET_NAME)";
				TEST_HOST = "$(BUILT_PRODUCTS_DIR)/pruebaGIT.app/pruebaGIT";
			};
			name = Debug;
		};
		387721DE1CFA63D400E55702 /* Release */ = {
			isa = XCBuildConfiguration;
			buildSettings = {
				BUNDLE_LOADER = "$(TEST_HOST)";
				INFOPLIST_FILE = pruebaGITTests/Info.plist;
				LD_RUNPATH_SEARCH_PATHS = "$(inherited) @executable_path/Frameworks @loader_path/Frameworks";
				PRODUCT_BUNDLE_IDENTIFIER = DigiMed.pruebaGITTests;
				PRODUCT_NAME = "$(TARGET_NAME)";
				TEST_HOST = "$(BUILT_PRODUCTS_DIR)/pruebaGIT.app/pruebaGIT";
			};
			name = Release;
		};
		387721E01CFA63D400E55702 /* Debug */ = {
			isa = XCBuildConfiguration;
			buildSettings = {
				INFOPLIST_FILE = pruebaGITUITests/Info.plist;
				LD_RUNPATH_SEARCH_PATHS = "$(inherited) @executable_path/Frameworks @loader_path/Frameworks";
				PRODUCT_BUNDLE_IDENTIFIER = DigiMed.pruebaGITUITests;
				PRODUCT_NAME = "$(TARGET_NAME)";
				TEST_TARGET_NAME = pruebaGIT;
			};
			name = Debug;
		};
		387721E11CFA63D400E55702 /* Release */ = {
			isa = XCBuildConfiguration;
			buildSettings = {
				INFOPLIST_FILE = pruebaGITUITests/Info.plist;
				LD_RUNPATH_SEARCH_PATHS = "$(inherited) @executable_path/Frameworks @loader_path/Frameworks";
				PRODUCT_BUNDLE_IDENTIFIER = DigiMed.pruebaGITUITests;
				PRODUCT_NAME = "$(TARGET_NAME)";
				TEST_TARGET_NAME = pruebaGIT;
			};
			name = Release;
		};
/* End XCBuildConfiguration section */

/* Begin XCConfigurationList section */
		387721AC1CFA63D300E55702 /* Build configuration list for PBXProject "pruebaGIT" */ = {
			isa = XCConfigurationList;
			buildConfigurations = (
				387721D71CFA63D400E55702 /* Debug */,
				387721D81CFA63D400E55702 /* Release */,
			);
			defaultConfigurationIsVisible = 0;
			defaultConfigurationName = Release;
		};
		387721D91CFA63D400E55702 /* Build configuration list for PBXNativeTarget "pruebaGIT" */ = {
			isa = XCConfigurationList;
			buildConfigurations = (
				387721DA1CFA63D400E55702 /* Debug */,
				387721DB1CFA63D400E55702 /* Release */,
			);
			defaultConfigurationIsVisible = 0;
		};
		387721DC1CFA63D400E55702 /* Build configuration list for PBXNativeTarget "pruebaGITTests" */ = {
			isa = XCConfigurationList;
			buildConfigurations = (
				387721DD1CFA63D400E55702 /* Debug */,
				387721DE1CFA63D400E55702 /* Release */,
			);
			defaultConfigurationIsVisible = 0;
		};
		387721DF1CFA63D400E55702 /* Build configuration list for PBXNativeTarget "pruebaGITUITests" */ = {
			isa = XCConfigurationList;
			buildConfigurations = (
				387721E01CFA63D400E55702 /* Debug */,
				387721E11CFA63D400E55702 /* Release */,
			);
			defaultConfigurationIsVisible = 0;
		};
/* End XCConfigurationList section */
	};
	rootObject = 387721A91CFA63D300E55702 /* Project object */;
}
